
Microsoft Visual Studio Solution File, Format Version 12.00
# Visual Studio 15
VisualStudioVersion = 15.0.28307.852
MinimumVisualStudioVersion = 10.0.40219.1
Project("{FAE04EC0-301F-11D3-BF4B-00C04F79EFBC}") = "карулятор", "карулятор\карулятор.csproj", "{BA690BA9-8099-4E69-AC55-DADC918D84BE}"
EndProject
Global
	GlobalSection(SolutionConfigurationPlatforms) = preSolution
		Debug|Any CPU = Debug|Any CPU
		Release|Any CPU = Release|Any CPU
	EndGlobalSection
	GlobalSection(ProjectConfigurationPlatforms) = postSolution
		{BA690BA9-8099-4E69-AC55-DADC918D84BE}.Debug|Any CPU.ActiveCfg = Debug|Any CPU
		{BA690BA9-8099-4E69-AC55-DADC918D84BE}.Debug|Any CPU.Build.0 = Debug|Any CPU
		{BA690BA9-8099-4E69-AC55-DADC918D84BE}.Release|Any CPU.ActiveCfg = Release|Any CPU
		{BA690BA9-8099-4E69-AC55-DADC918D84BE}.Release|Any CPU.Build.0 = Release|Any CPU
	EndGlobalSection
	GlobalSection(SolutionProperties) = preSolution
		HideSolutionNode = FALSE
	EndGlobalSection
	GlobalSection(ExtensibilityGlobals) = postSolution
		SolutionGuid = {07A5ACFF-2F1B-4C1F-82DB-04008E5C5C36}
	EndGlobalSection
EndGlobal
